
Microsoft Visual Studio Solution File, Format Version 12.00
Project("{2150E333-8FDC-42A3-9474-1A3956D46DE8}") = "Solution Items", "Solution Items", "{4A7B3D08-C48A-4B38-B542-9386F298EE74}"
	ProjectSection(SolutionItems) = preProject
		.gitignore = .gitignore
		Directory.Build.props = Directory.Build.props
		Directory.Packages.props = Directory.Packages.props
		global.json = global.json
		readme.md = readme.md
		.dockerignore = .dockerignore
		compose.yaml = compose.yaml
	EndProjectSection
EndProject
Project("{FAE04EC0-301F-11D3-BF4B-00C04F79EFBC}") = "Tests", "Tests\Tests.csproj", "{37C965FA-7894-4DD7-B9A4-2314AF6606D6}"
EndProject
Project("{FAE04EC0-301F-11D3-BF4B-00C04F79EFBC}") = "IntegrationTests", "IntegrationTests\IntegrationTests.csproj", "{A964B3A3-32E6-45E7-B996-D10BFFB69607}"
EndProject
Project("{2150E333-8FDC-42A3-9474-1A3956D46DE8}") = "UserServiceAPI", "UserServiceAPI", "{0D6CCE66-A271-42F1-AA65-01E2BBDE0631}"
EndProject
Project("{2150E333-8FDC-42A3-9474-1A3956D46DE8}") = "BookingServiceAPI", "BookingServiceAPI", "{34C39D65-F022-4AD2-A404-B0613D9358D0}"
EndProject
Project("{2150E333-8FDC-42A3-9474-1A3956D46DE8}") = "EventServiceAPI", "EventServiceAPI", "{783B120B-47BD-4055-9E55-518B17ED97BE}"
EndProject
Project("{FAE04EC0-301F-11D3-BF4B-00C04F79EFBC}") = "Users.Presentation", "Users.Presentation\Users.Presentation.csproj", "{09F0B665-B3F3-4F62-BBB0-0B2C337C40BE}"
EndProject
Project("{FAE04EC0-301F-11D3-BF4B-00C04F79EFBC}") = "Users.Application", "Users.Application\Users.Application.csproj", "{DDA37D19-507B-48FB-91D5-BDAC5A5A5894}"
EndProject
Project("{FAE04EC0-301F-11D3-BF4B-00C04F79EFBC}") = "Users.Domain", "Users.Domain\Users.Domain.csproj", "{973F20D7-DF31-442D-B010-D6E6477EFB03}"
EndProject
Project("{FAE04EC0-301F-11D3-BF4B-00C04F79EFBC}") = "Users.Infrastructure", "Users.Infrastructure\Users.Infrastructure.csproj", "{6E690F1C-20D3-4612-ACE6-A420154D3D01}"
EndProject
Project("{FAE04EC0-301F-11D3-BF4B-00C04F79EFBC}") = "Events.Application", "Events.Application\Events.Application.csproj", "{15035283-E14D-4449-9E7C-7EA504A9ED2E}"
EndProject
Project("{FAE04EC0-301F-11D3-BF4B-00C04F79EFBC}") = "Events.Infrastructure", "Events.Infrastructure\Events.Infrastructure.csproj", "{EFD2940C-F399-4364-BCD0-5FB49B2838A7}"
EndProject
Project("{FAE04EC0-301F-11D3-BF4B-00C04F79EFBC}") = "Events.Domain", "Events.Domain\Events.Domain.csproj", "{36D57831-C914-44A2-B395-D20273F385A6}"
EndProject
Project("{FAE04EC0-301F-11D3-BF4B-00C04F79EFBC}") = "Events.Presentation", "Events.Presentation\Events.Presentation.csproj", "{E58264A2-982F-422F-9FE4-84AA77FC254B}"
EndProject
Project("{FAE04EC0-301F-11D3-BF4B-00C04F79EFBC}") = "Bookings.Presentation", "Bookings.Presentation\Bookings.Presentation.csproj", "{69DDA2FA-E7D7-443A-818D-B35E3BE7ACDD}"
EndProject
Project("{FAE04EC0-301F-11D3-BF4B-00C04F79EFBC}") = "Bookings.Application", "Bookings.Application\Bookings.Application.csproj", "{674CB208-EE50-4DF4-994C-7E13CFB49F69}"
EndProject
Project("{FAE04EC0-301F-11D3-BF4B-00C04F79EFBC}") = "Bookings.Domain", "Bookings.Domain\Bookings.Domain.csproj", "{017EEF1A-6DBE-4769-96DB-E7AF8763DD47}"
EndProject
Project("{FAE04EC0-301F-11D3-BF4B-00C04F79EFBC}") = "Bookings.Infrastructure", "Bookings.Infrastructure\Bookings.Infrastructure.csproj", "{A0AA2076-30EE-4B35-9AA1-3FC19FE42DA4}"
EndProject
Project("{FAE04EC0-301F-11D3-BF4B-00C04F79EFBC}") = "Kafka.Contracts", "Kafka.Contracts\Kafka.Contracts.csproj", "{F0AA80F2-37D9-446C-A478-990F425890F9}"
EndProject
Global
	GlobalSection(SolutionConfigurationPlatforms) = preSolution
		Debug|Any CPU = Debug|Any CPU
		Release|Any CPU = Release|Any CPU
	EndGlobalSection
	GlobalSection(ProjectConfigurationPlatforms) = postSolution
		{37C965FA-7894-4DD7-B9A4-2314AF6606D6}.Debug|Any CPU.ActiveCfg = Debug|Any CPU
		{37C965FA-7894-4DD7-B9A4-2314AF6606D6}.Debug|Any CPU.Build.0 = Debug|Any CPU
		{37C965FA-7894-4DD7-B9A4-2314AF6606D6}.Release|Any CPU.ActiveCfg = Release|Any CPU
		{37C965FA-7894-4DD7-B9A4-2314AF6606D6}.Release|Any CPU.Build.0 = Release|Any CPU
		{A964B3A3-32E6-45E7-B996-D10BFFB69607}.Debug|Any CPU.ActiveCfg = Debug|Any CPU
		{A964B3A3-32E6-45E7-B996-D10BFFB69607}.Debug|Any CPU.Build.0 = Debug|Any CPU
		{A964B3A3-32E6-45E7-B996-D10BFFB69607}.Release|Any CPU.ActiveCfg = Release|Any CPU
		{A964B3A3-32E6-45E7-B996-D10BFFB69607}.Release|Any CPU.Build.0 = Release|Any CPU
		{09F0B665-B3F3-4F62-BBB0-0B2C337C40BE}.Debug|Any CPU.ActiveCfg = Debug|Any CPU
		{09F0B665-B3F3-4F62-BBB0-0B2C337C40BE}.Debug|Any CPU.Build.0 = Debug|Any CPU
		{09F0B665-B3F3-4F62-BBB0-0B2C337C40BE}.Release|Any CPU.ActiveCfg = Release|Any CPU
		{09F0B665-B3F3-4F62-BBB0-0B2C337C40BE}.Release|Any CPU.Build.0 = Release|Any CPU
		{DDA37D19-507B-48FB-91D5-BDAC5A5A5894}.Debug|Any CPU.ActiveCfg = Debug|Any CPU
		{DDA37D19-507B-48FB-91D5-BDAC5A5A5894}.Debug|Any CPU.Build.0 = Debug|Any CPU
		{DDA37D19-507B-48FB-91D5-BDAC5A5A5894}.Release|Any CPU.ActiveCfg = Release|Any CPU
		{DDA37D19-507B-48FB-91D5-BDAC5A5A5894}.Release|Any CPU.Build.0 = Release|Any CPU
		{973F20D7-DF31-442D-B010-D6E6477EFB03}.Debug|Any CPU.ActiveCfg = Debug|Any CPU
		{973F20D7-DF31-442D-B010-D6E6477EFB03}.Debug|Any CPU.Build.0 = Debug|Any CPU
		{973F20D7-DF31-442D-B010-D6E6477EFB03}.Release|Any CPU.ActiveCfg = Release|Any CPU
		{973F20D7-DF31-442D-B010-D6E6477EFB03}.Release|Any CPU.Build.0 = Release|Any CPU
		{6E690F1C-20D3-4612-ACE6-A420154D3D01}.Debug|Any CPU.ActiveCfg = Debug|Any CPU
		{6E690F1C-20D3-4612-ACE6-A420154D3D01}.Debug|Any CPU.Build.0 = Debug|Any CPU
		{6E690F1C-20D3-4612-ACE6-A420154D3D01}.Release|Any CPU.ActiveCfg = Release|Any CPU
		{6E690F1C-20D3-4612-ACE6-A420154D3D01}.Release|Any CPU.Build.0 = Release|Any CPU
		{15035283-E14D-4449-9E7C-7EA504A9ED2E}.Debug|Any CPU.ActiveCfg = Debug|Any CPU
		{15035283-E14D-4449-9E7C-7EA504A9ED2E}.Debug|Any CPU.Build.0 = Debug|Any CPU
		{15035283-E14D-4449-9E7C-7EA504A9ED2E}.Release|Any CPU.ActiveCfg = Release|Any CPU
		{15035283-E14D-4449-9E7C-7EA504A9ED2E}.Release|Any CPU.Build.0 = Release|Any CPU
		{EFD2940C-F399-4364-BCD0-5FB49B2838A7}.Debug|Any CPU.ActiveCfg = Debug|Any CPU
		{EFD2940C-F399-4364-BCD0-5FB49B2838A7}.Debug|Any CPU.Build.0 = Debug|Any CPU
		{EFD2940C-F399-4364-BCD0-5FB49B2838A7}.Release|Any CPU.ActiveCfg = Release|Any CPU
		{EFD2940C-F399-4364-BCD0-5FB49B2838A7}.Release|Any CPU.Build.0 = Release|Any CPU
		{36D57831-C914-44A2-B395-D20273F385A6}.Debug|Any CPU.ActiveCfg = Debug|Any CPU
		{36D57831-C914-44A2-B395-D20273F385A6}.Debug|Any CPU.Build.0 = Debug|Any CPU
		{36D57831-C914-44A2-B395-D20273F385A6}.Release|Any CPU.ActiveCfg = Release|Any CPU
		{36D57831-C914-44A2-B395-D20273F385A6}.Release|Any CPU.Build.0 = Release|Any CPU
		{E58264A2-982F-422F-9FE4-84AA77FC254B}.Debug|Any CPU.ActiveCfg = Debug|Any CPU
		{E58264A2-982F-422F-9FE4-84AA77FC254B}.Debug|Any CPU.Build.0 = Debug|Any CPU
		{E58264A2-982F-422F-9FE4-84AA77FC254B}.Release|Any CPU.ActiveCfg = Release|Any CPU
		{E58264A2-982F-422F-9FE4-84AA77FC254B}.Release|Any CPU.Build.0 = Release|Any CPU
		{69DDA2FA-E7D7-443A-818D-B35E3BE7ACDD}.Debug|Any CPU.ActiveCfg = Debug|Any CPU
		{69DDA2FA-E7D7-443A-818D-B35E3BE7ACDD}.Debug|Any CPU.Build.0 = Debug|Any CPU
		{69DDA2FA-E7D7-443A-818D-B35E3BE7ACDD}.Release|Any CPU.ActiveCfg = Release|Any CPU
		{69DDA2FA-E7D7-443A-818D-B35E3BE7ACDD}.Release|Any CPU.Build.0 = Release|Any CPU
		{674CB208-EE50-4DF4-994C-7E13CFB49F69}.Debug|Any CPU.ActiveCfg = Debug|Any CPU
		{674CB208-EE50-4DF4-994C-7E13CFB49F69}.Debug|Any CPU.Build.0 = Debug|Any CPU
		{674CB208-EE50-4DF4-994C-7E13CFB49F69}.Release|Any CPU.ActiveCfg = Release|Any CPU
		{674CB208-EE50-4DF4-994C-7E13CFB49F69}.Release|Any CPU.Build.0 = Release|Any CPU
		{017EEF1A-6DBE-4769-96DB-E7AF8763DD47}.Debug|Any CPU.ActiveCfg = Debug|Any CPU
		{017EEF1A-6DBE-4769-96DB-E7AF8763DD47}.Debug|Any CPU.Build.0 = Debug|Any CPU
		{017EEF1A-6DBE-4769-96DB-E7AF8763DD47}.Release|Any CPU.ActiveCfg = Release|Any CPU
		{017EEF1A-6DBE-4769-96DB-E7AF8763DD47}.Release|Any CPU.Build.0 = Release|Any CPU
		{A0AA2076-30EE-4B35-9AA1-3FC19FE42DA4}.Debug|Any CPU.ActiveCfg = Debug|Any CPU
		{A0AA2076-30EE-4B35-9AA1-3FC19FE42DA4}.Debug|Any CPU.Build.0 = Debug|Any CPU
		{A0AA2076-30EE-4B35-9AA1-3FC19FE42DA4}.Release|Any CPU.ActiveCfg = Release|Any CPU
		{A0AA2076-30EE-4B35-9AA1-3FC19FE42DA4}.Release|Any CPU.Build.0 = Release|Any CPU
		{F0AA80F2-37D9-446C-A478-990F425890F9}.Debug|Any CPU.ActiveCfg = Debug|Any CPU
		{F0AA80F2-37D9-446C-A478-990F425890F9}.Debug|Any CPU.Build.0 = Debug|Any CPU
		{F0AA80F2-37D9-446C-A478-990F425890F9}.Release|Any CPU.ActiveCfg = Release|Any CPU
		{F0AA80F2-37D9-446C-A478-990F425890F9}.Release|Any CPU.Build.0 = Release|Any CPU
	EndGlobalSection
	GlobalSection(NestedProjects) = preSolution
		{09F0B665-B3F3-4F62-BBB0-0B2C337C40BE} = {0D6CCE66-A271-42F1-AA65-01E2BBDE0631}
		{DDA37D19-507B-48FB-91D5-BDAC5A5A5894} = {0D6CCE66-A271-42F1-AA65-01E2BBDE0631}
		{973F20D7-DF31-442D-B010-D6E6477EFB03} = {0D6CCE66-A271-42F1-AA65-01E2BBDE0631}
		{6E690F1C-20D3-4612-ACE6-A420154D3D01} = {0D6CCE66-A271-42F1-AA65-01E2BBDE0631}
		{15035283-E14D-4449-9E7C-7EA504A9ED2E} = {783B120B-47BD-4055-9E55-518B17ED97BE}
		{EFD2940C-F399-4364-BCD0-5FB49B2838A7} = {783B120B-47BD-4055-9E55-518B17ED97BE}
		{36D57831-C914-44A2-B395-D20273F385A6} = {783B120B-47BD-4055-9E55-518B17ED97BE}
		{E58264A2-982F-422F-9FE4-84AA77FC254B} = {783B120B-47BD-4055-9E55-518B17ED97BE}
		{69DDA2FA-E7D7-443A-818D-B35E3BE7ACDD} = {34C39D65-F022-4AD2-A404-B0613D9358D0}
		{674CB208-EE50-4DF4-994C-7E13CFB49F69} = {34C39D65-F022-4AD2-A404-B0613D9358D0}
		{017EEF1A-6DBE-4769-96DB-E7AF8763DD47} = {34C39D65-F022-4AD2-A404-B0613D9358D0}
		{A0AA2076-30EE-4B35-9AA1-3FC19FE42DA4} = {34C39D65-F022-4AD2-A404-B0613D9358D0}
	EndGlobalSection
EndGlobal
